
Microsoft Visual Studio Solution File, Format Version 12.00
# Visual Studio Version 17
VisualStudioVersion = 17.3.32901.215
MinimumVisualStudioVersion = 10.0.40219.1
Project("{8BC9CEB8-8B4A-11D0-8D11-00A0C91BC942}") = "test_9_26", "test_9_26\test_9_26.vcxproj", "{BBF07D39-84C2-4482-ADF5-D6FEE77DFBDD}"
EndProject
Global
	GlobalSection(SolutionConfigurationPlatforms) = preSolution
		Debug|x64 = Debug|x64
		Debug|x86 = Debug|x86
		Release|x64 = Release|x64
		Release|x86 = Release|x86
	EndGlobalSection
	GlobalSection(ProjectConfigurationPlatforms) = postSolution
		{BBF07D39-84C2-4482-ADF5-D6FEE77DFBDD}.Debug|x64.ActiveCfg = Debug|x64
		{BBF07D39-84C2-4482-ADF5-D6FEE77DFBDD}.Debug|x64.Build.0 = Debug|x64
		{BBF07D39-84C2-4482-ADF5-D6FEE77DFBDD}.Debug|x86.ActiveCfg = Debug|Win32
		{BBF07D39-84C2-4482-ADF5-D6FEE77DFBDD}.Debug|x86.Build.0 = Debug|Win32
		{BBF07D39-84C2-4482-ADF5-D6FEE77DFBDD}.Release|x64.ActiveCfg = Release|x64
		{BBF07D39-84C2-4482-ADF5-D6FEE77DFBDD}.Release|x64.Build.0 = Release|x64
		{BBF07D39-84C2-4482-ADF5-D6FEE77DFBDD}.Release|x86.ActiveCfg = Release|Win32
		{BBF07D39-84C2-4482-ADF5-D6FEE77DFBDD}.Release|x86.Build.0 = Release|Win32
	EndGlobalSection
	GlobalSection(SolutionProperties) = preSolution
		HideSolutionNode = FALSE
	EndGlobalSection
	GlobalSection(ExtensibilityGlobals) = postSolution
		SolutionGuid = {0C80BDCC-F935-4EFA-969B-AB31B020D7C5}
	EndGlobalSection
EndGlobal
